
Microsoft Visual Studio Solution File, Format Version 12.00
# Visual Studio Version 16
VisualStudioVersion = 16.0.30204.135
MinimumVisualStudioVersion = 10.0.40219.1
Project("{FAE04EC0-301F-11D3-BF4B-00C04F79EFBC}") = "30_06_20_Bridge_design_pattern", "30_06_20_Bridge_design_pattern\30_06_20_Bridge_design_pattern.csproj", "{302F8010-8DD2-40B9-97B5-0A30BFD925B8}"
EndProject
Global
	GlobalSection(SolutionConfigurationPlatforms) = preSolution
		Debug|Any CPU = Debug|Any CPU
		Release|Any CPU = Release|Any CPU
	EndGlobalSection
	GlobalSection(ProjectConfigurationPlatforms) = postSolution
		{302F8010-8DD2-40B9-97B5-0A30BFD925B8}.Debug|Any CPU.ActiveCfg = Debug|Any CPU
		{302F8010-8DD2-40B9-97B5-0A30BFD925B8}.Debug|Any CPU.Build.0 = Debug|Any CPU
		{302F8010-8DD2-40B9-97B5-0A30BFD925B8}.Release|Any CPU.ActiveCfg = Release|Any CPU
		{302F8010-8DD2-40B9-97B5-0A30BFD925B8}.Release|Any CPU.Build.0 = Release|Any CPU
	EndGlobalSection
	GlobalSection(SolutionProperties) = preSolution
		HideSolutionNode = FALSE
	EndGlobalSection
	GlobalSection(ExtensibilityGlobals) = postSolution
		SolutionGuid = {FDD523D0-9AFF-4888-ACF9-88668B3DE0E1}
	EndGlobalSection
EndGlobal
